{
  "name": "bio",
  "version": "1.0.0",
  "lockfileVersion": 3,
  "requires": true,
  "packages": {
    "": {
      "name": "bio",
      "version": "1.0.0",
      "license": "ISC",
      "dependencies": {
        "mutag": "^2.0.7"
      }
    },
    "node_modules/mutag": {
      "version": "2.0.7",
      "resolved": "https://registry.npmjs.org/mutag/-/mutag-2.0.7.tgz",
      "integrity": "sha512-iOEm2zpJIZ3ibg4ufmZ7bEe8l+N07Xjep4c34O6zC7WDFwburHJWgQdZBY+Barlr33UJg9hwcIG1PT/WfHe28A=="
    }
  }
}
